
Microsoft Visual Studio Solution File, Format Version 12.00
# Visual Studio Version 17
VisualStudioVersion = 17.5.33530.505
MinimumVisualStudioVersion = 10.0.40219.1
Project("{FAE04EC0-301F-11D3-BF4B-00C04F79EFBC}") = "LR4", "LR4.csproj", "{91EBB4F0-7D90-4746-A43D-92BC6B0E136B}"
EndProject
Global
	GlobalSection(SolutionConfigurationPlatforms) = preSolution
		Debug|Any CPU = Debug|Any CPU
		Release|Any CPU = Release|Any CPU
	EndGlobalSection
	GlobalSection(ProjectConfigurationPlatforms) = postSolution
		{91EBB4F0-7D90-4746-A43D-92BC6B0E136B}.Debug|Any CPU.ActiveCfg = Debug|Any CPU
		{91EBB4F0-7D90-4746-A43D-92BC6B0E136B}.Debug|Any CPU.Build.0 = Debug|Any CPU
		{91EBB4F0-7D90-4746-A43D-92BC6B0E136B}.Release|Any CPU.ActiveCfg = Release|Any CPU
		{91EBB4F0-7D90-4746-A43D-92BC6B0E136B}.Release|Any CPU.Build.0 = Release|Any CPU
	EndGlobalSection
	GlobalSection(SolutionProperties) = preSolution
		HideSolutionNode = FALSE
	EndGlobalSection
	GlobalSection(ExtensibilityGlobals) = postSolution
		SolutionGuid = {5FCE2F8D-7E28-49DA-97C2-4C66AF8E18E3}
	EndGlobalSection
EndGlobal
