
Microsoft Visual Studio Solution File, Format Version 12.00
# Visual Studio Version 17
VisualStudioVersion = 17.5.33530.505
MinimumVisualStudioVersion = 10.0.40219.1
Project("{9A19103F-16F7-4668-BE54-9A1E7A4F7556}") = "GoodbyePlugin", "GoodbyePlugin.csproj", "{65650A0F-8F9D-4334-9C6D-744536643F19}"
EndProject
Project("{9A19103F-16F7-4668-BE54-9A1E7A4F7556}") = "PluginBase", "..\PluginBase\PluginBase.csproj", "{7BB8C8E7-1AA4-4F5E-BEA9-2DAFB2F3E5D5}"
EndProject
Global
	GlobalSection(SolutionConfigurationPlatforms) = preSolution
		Debug|Any CPU = Debug|Any CPU
		Release|Any CPU = Release|Any CPU
	EndGlobalSection
	GlobalSection(ProjectConfigurationPlatforms) = postSolution
		{65650A0F-8F9D-4334-9C6D-744536643F19}.Debug|Any CPU.ActiveCfg = Debug|Any CPU
		{65650A0F-8F9D-4334-9C6D-744536643F19}.Debug|Any CPU.Build.0 = Debug|Any CPU
		{65650A0F-8F9D-4334-9C6D-744536643F19}.Release|Any CPU.ActiveCfg = Release|Any CPU
		{65650A0F-8F9D-4334-9C6D-744536643F19}.Release|Any CPU.Build.0 = Release|Any CPU
		{7BB8C8E7-1AA4-4F5E-BEA9-2DAFB2F3E5D5}.Debug|Any CPU.ActiveCfg = Debug|Any CPU
		{7BB8C8E7-1AA4-4F5E-BEA9-2DAFB2F3E5D5}.Debug|Any CPU.Build.0 = Debug|Any CPU
		{7BB8C8E7-1AA4-4F5E-BEA9-2DAFB2F3E5D5}.Release|Any CPU.ActiveCfg = Release|Any CPU
		{7BB8C8E7-1AA4-4F5E-BEA9-2DAFB2F3E5D5}.Release|Any CPU.Build.0 = Release|Any CPU
	EndGlobalSection
	GlobalSection(SolutionProperties) = preSolution
		HideSolutionNode = FALSE
	EndGlobalSection
	GlobalSection(ExtensibilityGlobals) = postSolution
		SolutionGuid = {3B59FBFA-666C-4628-902F-3BAB318D23D3}
	EndGlobalSection
EndGlobal
