
Microsoft Visual Studio Solution File, Format Version 12.00
# Visual Studio Version 17
VisualStudioVersion = 17.5.33530.505
MinimumVisualStudioVersion = 10.0.40219.1
Project("{FAE04EC0-301F-11D3-BF4B-00C04F79EFBC}") = "LR3", "LR3.csproj", "{30E4FBD0-AD46-4C52-AAC2-1B5DB0A23AB1}"
EndProject
Project("{9A19103F-16F7-4668-BE54-9A1E7A4F7556}") = "LR3.tests", "..\LR3.tests\LR3.tests.csproj", "{4848508A-00E6-4688-9143-E5A15FFE30CC}"
EndProject
Global
	GlobalSection(SolutionConfigurationPlatforms) = preSolution
		Debug|Any CPU = Debug|Any CPU
		Release|Any CPU = Release|Any CPU
	EndGlobalSection
	GlobalSection(ProjectConfigurationPlatforms) = postSolution
		{30E4FBD0-AD46-4C52-AAC2-1B5DB0A23AB1}.Debug|Any CPU.ActiveCfg = Debug|Any CPU
		{30E4FBD0-AD46-4C52-AAC2-1B5DB0A23AB1}.Debug|Any CPU.Build.0 = Debug|Any CPU
		{30E4FBD0-AD46-4C52-AAC2-1B5DB0A23AB1}.Release|Any CPU.ActiveCfg = Release|Any CPU
		{30E4FBD0-AD46-4C52-AAC2-1B5DB0A23AB1}.Release|Any CPU.Build.0 = Release|Any CPU
		{4848508A-00E6-4688-9143-E5A15FFE30CC}.Debug|Any CPU.ActiveCfg = Debug|Any CPU
		{4848508A-00E6-4688-9143-E5A15FFE30CC}.Debug|Any CPU.Build.0 = Debug|Any CPU
		{4848508A-00E6-4688-9143-E5A15FFE30CC}.Release|Any CPU.ActiveCfg = Release|Any CPU
		{4848508A-00E6-4688-9143-E5A15FFE30CC}.Release|Any CPU.Build.0 = Release|Any CPU
	EndGlobalSection
	GlobalSection(SolutionProperties) = preSolution
		HideSolutionNode = FALSE
	EndGlobalSection
	GlobalSection(ExtensibilityGlobals) = postSolution
		SolutionGuid = {80121F10-C41C-4ED1-A4B6-CE6176276C3A}
	EndGlobalSection
EndGlobal
